
Microsoft Visual Studio Solution File, Format Version 12.00
# Visual Studio Version 17
VisualStudioVersion = 17.0.31903.59
MinimumVisualStudioVersion = 10.0.40219.1
Project("{2150E333-8FDC-42A3-9474-1A3956D46DE8}") = "src", "src", "{827E0CD3-B72D-47B6-A68D-7590B98EB39B}"
EndProject
Project("{FAE04EC0-301F-11D3-BF4B-00C04F79EFBC}") = "CheckpointIOT.Shared", "src\CheckpointIOT.Shared\CheckpointIOT.Shared.csproj", "{9C0D9362-D6E3-460B-B019-60FBA7D9D451}"
EndProject
Project("{FAE04EC0-301F-11D3-BF4B-00C04F79EFBC}") = "CheckpointIOT.Sender1", "src\CheckpointIOT.Sender1\CheckpointIOT.Sender1.csproj", "{F02CA0CC-82EE-4E08-8C2B-549C3B343E7F}"
EndProject
Project("{FAE04EC0-301F-11D3-BF4B-00C04F79EFBC}") = "CheckpointIOT.Sender2", "src\CheckpointIOT.Sender2\CheckpointIOT.Sender2.csproj", "{0D491DF4-00A5-4F1F-9C6A-A90A8FA92F42}"
EndProject
Project("{FAE04EC0-301F-11D3-BF4B-00C04F79EFBC}") = "CheckpointIOT.Validation", "src\CheckpointIOT.Validation\CheckpointIOT.Validation.csproj", "{3078CF6B-DA1D-4883-8865-8011D5B107D7}"
EndProject
Project("{FAE04EC0-301F-11D3-BF4B-00C04F79EFBC}") = "CheckpointIOT.Receiver1", "src\CheckpointIOT.Receiver1\CheckpointIOT.Receiver1.csproj", "{9C233DE6-79A6-47E3-A62E-5B3929833CA3}"
EndProject
Project("{FAE04EC0-301F-11D3-BF4B-00C04F79EFBC}") = "CheckpointIOT.Receiver2", "src\CheckpointIOT.Receiver2\CheckpointIOT.Receiver2.csproj", "{6787D360-4971-4C58-A0BB-0E3A2109D248}"
EndProject
Global
	GlobalSection(SolutionConfigurationPlatforms) = preSolution
		Debug|Any CPU = Debug|Any CPU
		Debug|x64 = Debug|x64
		Debug|x86 = Debug|x86
		Release|Any CPU = Release|Any CPU
		Release|x64 = Release|x64
		Release|x86 = Release|x86
	EndGlobalSection
	GlobalSection(ProjectConfigurationPlatforms) = postSolution
		{9C0D9362-D6E3-460B-B019-60FBA7D9D451}.Debug|Any CPU.ActiveCfg = Debug|Any CPU
		{9C0D9362-D6E3-460B-B019-60FBA7D9D451}.Debug|Any CPU.Build.0 = Debug|Any CPU
		{9C0D9362-D6E3-460B-B019-60FBA7D9D451}.Debug|x64.ActiveCfg = Debug|Any CPU
		{9C0D9362-D6E3-460B-B019-60FBA7D9D451}.Debug|x64.Build.0 = Debug|Any CPU
		{9C0D9362-D6E3-460B-B019-60FBA7D9D451}.Debug|x86.ActiveCfg = Debug|Any CPU
		{9C0D9362-D6E3-460B-B019-60FBA7D9D451}.Debug|x86.Build.0 = Debug|Any CPU
		{9C0D9362-D6E3-460B-B019-60FBA7D9D451}.Release|Any CPU.ActiveCfg = Release|Any CPU
		{9C0D9362-D6E3-460B-B019-60FBA7D9D451}.Release|Any CPU.Build.0 = Release|Any CPU
		{9C0D9362-D6E3-460B-B019-60FBA7D9D451}.Release|x64.ActiveCfg = Release|Any CPU
		{9C0D9362-D6E3-460B-B019-60FBA7D9D451}.Release|x64.Build.0 = Release|Any CPU
		{9C0D9362-D6E3-460B-B019-60FBA7D9D451}.Release|x86.ActiveCfg = Release|Any CPU
		{9C0D9362-D6E3-460B-B019-60FBA7D9D451}.Release|x86.Build.0 = Release|Any CPU
		{F02CA0CC-82EE-4E08-8C2B-549C3B343E7F}.Debug|Any CPU.ActiveCfg = Debug|Any CPU
		{F02CA0CC-82EE-4E08-8C2B-549C3B343E7F}.Debug|Any CPU.Build.0 = Debug|Any CPU
		{F02CA0CC-82EE-4E08-8C2B-549C3B343E7F}.Debug|x64.ActiveCfg = Debug|Any CPU
		{F02CA0CC-82EE-4E08-8C2B-549C3B343E7F}.Debug|x64.Build.0 = Debug|Any CPU
		{F02CA0CC-82EE-4E08-8C2B-549C3B343E7F}.Debug|x86.ActiveCfg = Debug|Any CPU
		{F02CA0CC-82EE-4E08-8C2B-549C3B343E7F}.Debug|x86.Build.0 = Debug|Any CPU
		{F02CA0CC-82EE-4E08-8C2B-549C3B343E7F}.Release|Any CPU.ActiveCfg = Release|Any CPU
		{F02CA0CC-82EE-4E08-8C2B-549C3B343E7F}.Release|Any CPU.Build.0 = Release|Any CPU
		{F02CA0CC-82EE-4E08-8C2B-549C3B343E7F}.Release|x64.ActiveCfg = Release|Any CPU
		{F02CA0CC-82EE-4E08-8C2B-549C3B343E7F}.Release|x64.Build.0 = Release|Any CPU
		{F02CA0CC-82EE-4E08-8C2B-549C3B343E7F}.Release|x86.ActiveCfg = Release|Any CPU
		{F02CA0CC-82EE-4E08-8C2B-549C3B343E7F}.Release|x86.Build.0 = Release|Any CPU
		{0D491DF4-00A5-4F1F-9C6A-A90A8FA92F42}.Debug|Any CPU.ActiveCfg = Debug|Any CPU
		{0D491DF4-00A5-4F1F-9C6A-A90A8FA92F42}.Debug|Any CPU.Build.0 = Debug|Any CPU
		{0D491DF4-00A5-4F1F-9C6A-A90A8FA92F42}.Debug|x64.ActiveCfg = Debug|Any CPU
		{0D491DF4-00A5-4F1F-9C6A-A90A8FA92F42}.Debug|x64.Build.0 = Debug|Any CPU
		{0D491DF4-00A5-4F1F-9C6A-A90A8FA92F42}.Debug|x86.ActiveCfg = Debug|Any CPU
		{0D491DF4-00A5-4F1F-9C6A-A90A8FA92F42}.Debug|x86.Build.0 = Debug|Any CPU
		{0D491DF4-00A5-4F1F-9C6A-A90A8FA92F42}.Release|Any CPU.ActiveCfg = Release|Any CPU
		{0D491DF4-00A5-4F1F-9C6A-A90A8FA92F42}.Release|Any CPU.Build.0 = Release|Any CPU
		{0D491DF4-00A5-4F1F-9C6A-A90A8FA92F42}.Release|x64.ActiveCfg = Release|Any CPU
		{0D491DF4-00A5-4F1F-9C6A-A90A8FA92F42}.Release|x64.Build.0 = Release|Any CPU
		{0D491DF4-00A5-4F1F-9C6A-A90A8FA92F42}.Release|x86.ActiveCfg = Release|Any CPU
		{0D491DF4-00A5-4F1F-9C6A-A90A8FA92F42}.Release|x86.Build.0 = Release|Any CPU
		{3078CF6B-DA1D-4883-8865-8011D5B107D7}.Debug|Any CPU.ActiveCfg = Debug|Any CPU
		{3078CF6B-DA1D-4883-8865-8011D5B107D7}.Debug|Any CPU.Build.0 = Debug|Any CPU
		{3078CF6B-DA1D-4883-8865-8011D5B107D7}.Debug|x64.ActiveCfg = Debug|Any CPU
		{3078CF6B-DA1D-4883-8865-8011D5B107D7}.Debug|x64.Build.0 = Debug|Any CPU
		{3078CF6B-DA1D-4883-8865-8011D5B107D7}.Debug|x86.ActiveCfg = Debug|Any CPU
		{3078CF6B-DA1D-4883-8865-8011D5B107D7}.Debug|x86.Build.0 = Debug|Any CPU
		{3078CF6B-DA1D-4883-8865-8011D5B107D7}.Release|Any CPU.ActiveCfg = Release|Any CPU
		{3078CF6B-DA1D-4883-8865-8011D5B107D7}.Release|Any CPU.Build.0 = Release|Any CPU
		{3078CF6B-DA1D-4883-8865-8011D5B107D7}.Release|x64.ActiveCfg = Release|Any CPU
		{3078CF6B-DA1D-4883-8865-8011D5B107D7}.Release|x64.Build.0 = Release|Any CPU
		{3078CF6B-DA1D-4883-8865-8011D5B107D7}.Release|x86.ActiveCfg = Release|Any CPU
		{3078CF6B-DA1D-4883-8865-8011D5B107D7}.Release|x86.Build.0 = Release|Any CPU
		{9C233DE6-79A6-47E3-A62E-5B3929833CA3}.Debug|Any CPU.ActiveCfg = Debug|Any CPU
		{9C233DE6-79A6-47E3-A62E-5B3929833CA3}.Debug|Any CPU.Build.0 = Debug|Any CPU
		{9C233DE6-79A6-47E3-A62E-5B3929833CA3}.Debug|x64.ActiveCfg = Debug|Any CPU
		{9C233DE6-79A6-47E3-A62E-5B3929833CA3}.Debug|x64.Build.0 = Debug|Any CPU
		{9C233DE6-79A6-47E3-A62E-5B3929833CA3}.Debug|x86.ActiveCfg = Debug|Any CPU
		{9C233DE6-79A6-47E3-A62E-5B3929833CA3}.Debug|x86.Build.0 = Debug|Any CPU
		{9C233DE6-79A6-47E3-A62E-5B3929833CA3}.Release|Any CPU.ActiveCfg = Release|Any CPU
		{9C233DE6-79A6-47E3-A62E-5B3929833CA3}.Release|Any CPU.Build.0 = Release|Any CPU
		{9C233DE6-79A6-47E3-A62E-5B3929833CA3}.Release|x64.ActiveCfg = Release|Any CPU
		{9C233DE6-79A6-47E3-A62E-5B3929833CA3}.Release|x64.Build.0 = Release|Any CPU
		{9C233DE6-79A6-47E3-A62E-5B3929833CA3}.Release|x86.ActiveCfg = Release|Any CPU
		{9C233DE6-79A6-47E3-A62E-5B3929833CA3}.Release|x86.Build.0 = Release|Any CPU
		{6787D360-4971-4C58-A0BB-0E3A2109D248}.Debug|Any CPU.ActiveCfg = Debug|Any CPU
		{6787D360-4971-4C58-A0BB-0E3A2109D248}.Debug|Any CPU.Build.0 = Debug|Any CPU
		{6787D360-4971-4C58-A0BB-0E3A2109D248}.Debug|x64.ActiveCfg = Debug|Any CPU
		{6787D360-4971-4C58-A0BB-0E3A2109D248}.Debug|x64.Build.0 = Debug|Any CPU
		{6787D360-4971-4C58-A0BB-0E3A2109D248}.Debug|x86.ActiveCfg = Debug|Any CPU
		{6787D360-4971-4C58-A0BB-0E3A2109D248}.Debug|x86.Build.0 = Debug|Any CPU
		{6787D360-4971-4C58-A0BB-0E3A2109D248}.Release|Any CPU.ActiveCfg = Release|Any CPU
		{6787D360-4971-4C58-A0BB-0E3A2109D248}.Release|Any CPU.Build.0 = Release|Any CPU
		{6787D360-4971-4C58-A0BB-0E3A2109D248}.Release|x64.ActiveCfg = Release|Any CPU
		{6787D360-4971-4C58-A0BB-0E3A2109D248}.Release|x64.Build.0 = Release|Any CPU
		{6787D360-4971-4C58-A0BB-0E3A2109D248}.Release|x86.ActiveCfg = Release|Any CPU
		{6787D360-4971-4C58-A0BB-0E3A2109D248}.Release|x86.Build.0 = Release|Any CPU
	EndGlobalSection
	GlobalSection(SolutionProperties) = preSolution
		HideSolutionNode = FALSE
	EndGlobalSection
	GlobalSection(NestedProjects) = preSolution
		{9C0D9362-D6E3-460B-B019-60FBA7D9D451} = {827E0CD3-B72D-47B6-A68D-7590B98EB39B}
		{F02CA0CC-82EE-4E08-8C2B-549C3B343E7F} = {827E0CD3-B72D-47B6-A68D-7590B98EB39B}
		{0D491DF4-00A5-4F1F-9C6A-A90A8FA92F42} = {827E0CD3-B72D-47B6-A68D-7590B98EB39B}
		{3078CF6B-DA1D-4883-8865-8011D5B107D7} = {827E0CD3-B72D-47B6-A68D-7590B98EB39B}
		{9C233DE6-79A6-47E3-A62E-5B3929833CA3} = {827E0CD3-B72D-47B6-A68D-7590B98EB39B}
		{6787D360-4971-4C58-A0BB-0E3A2109D248} = {827E0CD3-B72D-47B6-A68D-7590B98EB39B}
	EndGlobalSection
EndGlobal
